
Microsoft Visual Studio Solution File, Format Version 12.00
# Visual Studio Express 2012 for Web
Project("{FAE04EC0-301F-11D3-BF4B-00C04F79EFBC}") = "ResourceFilesSample.Web", "ResourceFilesSample.Web\ResourceFilesSample.Web.csproj", "{C6B84B29-3D69-4F09-9A66-029EC8A925CE}"
EndProject
Project("{FAE04EC0-301F-11D3-BF4B-00C04F79EFBC}") = "ResourceFilesSample.Resources", "ResourceFileSample.Resources\ResourceFilesSample.Resources.csproj", "{4D315A2B-B4AF-470F-BDB0-38294C9A5EFE}"
EndProject
Global
	GlobalSection(SolutionConfigurationPlatforms) = preSolution
		Debug|Any CPU = Debug|Any CPU
		Release|Any CPU = Release|Any CPU
	EndGlobalSection
	GlobalSection(ProjectConfigurationPlatforms) = postSolution
		{C6B84B29-3D69-4F09-9A66-029EC8A925CE}.Debug|Any CPU.ActiveCfg = Debug|Any CPU
		{C6B84B29-3D69-4F09-9A66-029EC8A925CE}.Debug|Any CPU.Build.0 = Debug|Any CPU
		{C6B84B29-3D69-4F09-9A66-029EC8A925CE}.Release|Any CPU.ActiveCfg = Release|Any CPU
		{C6B84B29-3D69-4F09-9A66-029EC8A925CE}.Release|Any CPU.Build.0 = Release|Any CPU
		{4D315A2B-B4AF-470F-BDB0-38294C9A5EFE}.Debug|Any CPU.ActiveCfg = Debug|Any CPU
		{4D315A2B-B4AF-470F-BDB0-38294C9A5EFE}.Debug|Any CPU.Build.0 = Debug|Any CPU
		{4D315A2B-B4AF-470F-BDB0-38294C9A5EFE}.Release|Any CPU.ActiveCfg = Release|Any CPU
		{4D315A2B-B4AF-470F-BDB0-38294C9A5EFE}.Release|Any CPU.Build.0 = Release|Any CPU
	EndGlobalSection
	GlobalSection(SolutionProperties) = preSolution
		HideSolutionNode = FALSE
	EndGlobalSection
EndGlobal
